
Microsoft Visual Studio Solution File, Format Version 12.00
# Visual Studio Version 17
VisualStudioVersion = 17.6.33801.468
MinimumVisualStudioVersion = 10.0.40219.1
Project("{8BC9CEB8-8B4A-11D0-8D11-00A0C91BC942}") = "UserManager_Expl", "UserManager_Expl.vcxproj", "{03D75CD8-E2F5-4AB7-BB2C-65C96A2315B0}"
EndProject
Global
	GlobalSection(SolutionConfigurationPlatforms) = preSolution
		Debug|x64 = Debug|x64
		Debug|x86 = Debug|x86
		Release|x64 = Release|x64
		Release|x86 = Release|x86
	EndGlobalSection
	GlobalSection(ProjectConfigurationPlatforms) = postSolution
		{03D75CD8-E2F5-4AB7-BB2C-65C96A2315B0}.Debug|x64.ActiveCfg = Debug|x64
		{03D75CD8-E2F5-4AB7-BB2C-65C96A2315B0}.Debug|x64.Build.0 = Debug|x64
		{03D75CD8-E2F5-4AB7-BB2C-65C96A2315B0}.Debug|x86.ActiveCfg = Debug|Win32
		{03D75CD8-E2F5-4AB7-BB2C-65C96A2315B0}.Debug|x86.Build.0 = Debug|Win32
		{03D75CD8-E2F5-4AB7-BB2C-65C96A2315B0}.Release|x64.ActiveCfg = Release|x64
		{03D75CD8-E2F5-4AB7-BB2C-65C96A2315B0}.Release|x64.Build.0 = Release|x64
		{03D75CD8-E2F5-4AB7-BB2C-65C96A2315B0}.Release|x86.ActiveCfg = Release|Win32
		{03D75CD8-E2F5-4AB7-BB2C-65C96A2315B0}.Release|x86.Build.0 = Release|Win32
	EndGlobalSection
	GlobalSection(SolutionProperties) = preSolution
		HideSolutionNode = FALSE
	EndGlobalSection
	GlobalSection(ExtensibilityGlobals) = postSolution
		SolutionGuid = {F375D585-97DF-48C4-9FAC-F2E3FC15B349}
	EndGlobalSection
EndGlobal
